<Solution>
  <Folder Name="/Docs/">
    <File Path="README.md" />
    <File Path="LICENSE" />
  </Folder>
  
  <Project Path="src/FaissNET.Core/Faiss.csproj" />
  <Project Path="src/FaissNET.Interop/Faiss.Interop.csproj" />
  <Project Path="src/FaissNET.Cpu/Faiss.Cpu.csproj" />

  <Project Path="src/FaissNET.Tests/Faiss.Tests.csproj" />
  
  <Folder Name="/Native/">
    <Project Path="src/FaissNET.Linux/Faiss.Linux.csproj" />
    <Project Path="src/FaissNET.MacOS/Faiss.MacOS.csproj" />
    <Project Path="src/FaissNET.Windows/Faiss.Windows.csproj" />

    <Project Path="src/FaissNET.Native/Faiss.Native.csproj" />
  </Folder>
  
  <Folder Name="/Gpu/">
    <Project Path="src/FaissNET.Gpu/Faiss.Gpu.csproj" />
    <Project Path="src/FaissNET.Linux.Gpu.Cuda/Faiss.Linux.Gpu.Cuda.csproj" />
    <Project Path="src/FaissNET.Linux.Gpu.Cuda.x64/Faiss.Linux.Gpu.Cuda.x64.csproj" />
    <Project Path="src/FaissNET.Linux.Gpu.Cuda.arm64/Faiss.Linux.Gpu.Cuda.arm64.csproj" />
    
    <Project Path="src/FaissNET.Linux.Gpu.Cuda12/Faiss.Linux.Gpu.Cuda12.csproj" />
    <Project Path="src/FaissNET.Linux.Gpu.Cuda12.x64/Faiss.Linux.Gpu.Cuda12.x64.csproj" />
    <Project Path="src/FaissNET.Linux.Gpu.Cuda12.arm64/Faiss.Linux.Gpu.Cuda12.arm64.csproj" />

    <Project Path="src/FaissNET.Linux.Gpu.Rocm/Faiss.Linux.Gpu.Rocm.csproj" />

    <Project Path="src/FaissNET.Windows.Gpu.Cuda/Faiss.Windows.Gpu.Cuda.csproj" />

    <Project Path="src/FaissNET.Native.Gpu.Cuda/Faiss.Native.Gpu.Cuda.csproj" />
    <Project Path="src/FaissNET.Native.Gpu.Rocm/Faiss.Native.Gpu.Rocm.csproj" />
    
    <Project Path="src/FaissNET.Gpu.Tests/Faiss.Gpu.Tests.csproj" />
  </Folder>
  
  <Folder Name="/CI/">
    <File Path=".github/workflows/build-faiss.yaml" />

    <File Path="scripts/download-binaries.py" />
    <File Path="Dockerfile" />
    <File Path="Dockerfile.blas" />
    <File Path="Dockerfile.cuda" />
  </Folder>
</Solution>
